
Microsoft Visual Studio Solution File, Format Version 12.00
# Visual Studio Version 17
VisualStudioVersion = 17.0.31903.59
MinimumVisualStudioVersion = 10.0.40219.1
Project("{FAE04EC0-301F-11D3-BF4B-00C04F79EFBC}") = "Lista", "Lista\Lista.csproj", "{562FBA61-6BCD-4210-A48B-C764E186F632}"
EndProject
Project("{FAE04EC0-301F-11D3-BF4B-00C04F79EFBC}") = "Osztalyok", "Osztalyok\Osztalyok.csproj", "{0633BE30-4D63-4BFA-9D7F-8F907DC80C39}"
EndProject
Project("{FAE04EC0-301F-11D3-BF4B-00C04F79EFBC}") = "Extension", "Extension\Extension.csproj", "{76FCDD5E-6485-4B6D-B058-7135A77242CD}"
EndProject
Project("{FAE04EC0-301F-11D3-BF4B-00C04F79EFBC}") = "LinqTest", "LinqTest\LinqTest.csproj", "{0439EF31-8C80-402C-8BBD-EE4E209BD4B0}"
EndProject
Global
	GlobalSection(SolutionConfigurationPlatforms) = preSolution
		Debug|Any CPU = Debug|Any CPU
		Release|Any CPU = Release|Any CPU
	EndGlobalSection
	GlobalSection(SolutionProperties) = preSolution
		HideSolutionNode = FALSE
	EndGlobalSection
	GlobalSection(ProjectConfigurationPlatforms) = postSolution
		{562FBA61-6BCD-4210-A48B-C764E186F632}.Debug|Any CPU.ActiveCfg = Debug|Any CPU
		{562FBA61-6BCD-4210-A48B-C764E186F632}.Debug|Any CPU.Build.0 = Debug|Any CPU
		{562FBA61-6BCD-4210-A48B-C764E186F632}.Release|Any CPU.ActiveCfg = Release|Any CPU
		{562FBA61-6BCD-4210-A48B-C764E186F632}.Release|Any CPU.Build.0 = Release|Any CPU
		{0633BE30-4D63-4BFA-9D7F-8F907DC80C39}.Debug|Any CPU.ActiveCfg = Debug|Any CPU
		{0633BE30-4D63-4BFA-9D7F-8F907DC80C39}.Debug|Any CPU.Build.0 = Debug|Any CPU
		{0633BE30-4D63-4BFA-9D7F-8F907DC80C39}.Release|Any CPU.ActiveCfg = Release|Any CPU
		{0633BE30-4D63-4BFA-9D7F-8F907DC80C39}.Release|Any CPU.Build.0 = Release|Any CPU
		{76FCDD5E-6485-4B6D-B058-7135A77242CD}.Debug|Any CPU.ActiveCfg = Debug|Any CPU
		{76FCDD5E-6485-4B6D-B058-7135A77242CD}.Debug|Any CPU.Build.0 = Debug|Any CPU
		{76FCDD5E-6485-4B6D-B058-7135A77242CD}.Release|Any CPU.ActiveCfg = Release|Any CPU
		{76FCDD5E-6485-4B6D-B058-7135A77242CD}.Release|Any CPU.Build.0 = Release|Any CPU
		{0439EF31-8C80-402C-8BBD-EE4E209BD4B0}.Debug|Any CPU.ActiveCfg = Debug|Any CPU
		{0439EF31-8C80-402C-8BBD-EE4E209BD4B0}.Debug|Any CPU.Build.0 = Debug|Any CPU
		{0439EF31-8C80-402C-8BBD-EE4E209BD4B0}.Release|Any CPU.ActiveCfg = Release|Any CPU
		{0439EF31-8C80-402C-8BBD-EE4E209BD4B0}.Release|Any CPU.Build.0 = Release|Any CPU
	EndGlobalSection
EndGlobal
